// !$*UTF8*$!
{
	archiveVersion = 1;
	classes = {
	};
	objectVersion = 46;
	objects = {

/* Begin PBXBuildFile section */
		271ABE6B179E1595000AFC45 /* UIKit.framework in Frameworks */ = {isa = PBXBuildFile; fileRef = 271ABE6A179E1595000AFC45 /* UIKit.framework */; };
		271ABE6D179E1595000AFC45 /* Foundation.framework in Frameworks */ = {isa = PBXBuildFile; fileRef = 271ABE6C179E1595000AFC45 /* Foundation.framework */; };
		271ABE6F179E1595000AFC45 /* CoreGraphics.framework in Frameworks */ = {isa = PBXBuildFile; fileRef = 271ABE6E179E1595000AFC45 /* CoreGraphics.framework */; };
		271ABE75179E1595000AFC45 /* InfoPlist.strings in Resources */ = {isa = PBXBuildFile; fileRef = 271ABE73179E1595000AFC45 /* InfoPlist.strings */; };
		271ABE77179E1595000AFC45 /* main.m in Sources */ = {isa = PBXBuildFile; fileRef = 271ABE76179E1595000AFC45 /* main.m */; };
		271ABE7B179E1595000AFC45 /* AppDelegate.m in Sources */ = {isa = PBXBuildFile; fileRef = 271ABE7A179E1595000AFC45 /* AppDelegate.m */; };
		271ABE7D179E1595000AFC45 /* Default.png in Resources */ = {isa = PBXBuildFile; fileRef = 271ABE7C179E1595000AFC45 /* Default.png */; };
		271ABE7F179E1595000AFC45 /* Default@2x.png in Resources */ = {isa = PBXBuildFile; fileRef = 271ABE7E179E1595000AFC45 /* Default@2x.png */; };
		271ABE81179E1595000AFC45 /* Default-568h@2x.png in Resources */ = {isa = PBXBuildFile; fileRef = 271ABE80179E1595000AFC45 /* Default-568h@2x.png */; };
		271ABE89179E1595000AFC45 /* SenTestingKit.framework in Frameworks */ = {isa = PBXBuildFile; fileRef = 271ABE88179E1595000AFC45 /* SenTestingKit.framework */; };
		271ABE8A179E1595000AFC45 /* UIKit.framework in Frameworks */ = {isa = PBXBuildFile; fileRef = 271ABE6A179E1595000AFC45 /* UIKit.framework */; };
		271ABE8B179E1595000AFC45 /* Foundation.framework in Frameworks */ = {isa = PBXBuildFile; fileRef = 271ABE6C179E1595000AFC45 /* Foundation.framework */; };
		271ABE93179E1595000AFC45 /* InfoPlist.strings in Resources */ = {isa = PBXBuildFile; fileRef = 271ABE91179E1595000AFC45 /* InfoPlist.strings */; };
		271ABE96179E1596000AFC45 /* TestTests.m in Sources */ = {isa = PBXBuildFile; fileRef = 271ABE95179E1596000AFC45 /* TestTests.m */; };
/* End PBXBuildFile section */

/* Begin PBXContainerItemProxy section */
		271ABE8C179E1595000AFC45 /* PBXContainerItemProxy */ = {
			isa = PBXContainerItemProxy;
			containerPortal = 271ABE5F179E1595000AFC45 /* Project object */;
			proxyType = 1;
			remoteGlobalIDString = 271ABE66179E1595000AFC45;
			remoteInfo = Test;
		};
/* End PBXContainerItemProxy section */

/* Begin PBXFileReference section */
		271ABE67179E1595000AFC45 /* Test.app */ = {isa = PBXFileReference; explicitFileType = wrapper.application; includeInIndex = 0; path = Test.app; sourceTree = BUILT_PRODUCTS_DIR; };
		271ABE6A179E1595000AFC45 /* UIKit.framework */ = {isa = PBXFileReference; lastKnownFileType = wrapper.framework; name = UIKit.framework; path = System/Library/Frameworks/UIKit.framework; sourceTree = SDKROOT; };
		271ABE6C179E1595000AFC45 /* Foundation.framework */ = {isa = PBXFileReference; lastKnownFileType = wrapper.framework; name = Foundation.framework; path = System/Library/Frameworks/Foundation.framework; sourceTree = SDKROOT; };
		271ABE6E179E1595000AFC45 /* CoreGraphics.framework */ = {isa = PBXFileReference; lastKnownFileType = wrapper.framework; name = CoreGraphics.framework; path = System/Library/Frameworks/CoreGraphics.framework; sourceTree = SDKROOT; };
		271ABE72179E1595000AFC45 /* Test-Info.plist */ = {isa = PBXFileReference; lastKnownFileType = text.plist.xml; path = "Test-Info.plist"; sourceTree = "<group>"; };
		271ABE74179E1595000AFC45 /* en */ = {isa = PBXFileReference; lastKnownFileType = text.plist.strings; name = en; path = en.lproj/InfoPlist.strings; sourceTree = "<group>"; };
		271ABE76179E1595000AFC45 /* main.m */ = {isa = PBXFileReference; lastKnownFileType = sourcecode.c.objc; path = main.m; sourceTree = "<group>"; };
		271ABE78179E1595000AFC45 /* Test-Prefix.pch */ = {isa = PBXFileReference; lastKnownFileType = sourcecode.c.h; path = "Test-Prefix.pch"; sourceTree = "<group>"; };
		271ABE79179E1595000AFC45 /* AppDelegate.h */ = {isa = PBXFileReference; lastKnownFileType = sourcecode.c.h; path = AppDelegate.h; sourceTree = "<group>"; };
		271ABE7A179E1595000AFC45 /* AppDelegate.m */ = {isa = PBXFileReference; lastKnownFileType = sourcecode.c.objc; path = AppDelegate.m; sourceTree = "<group>"; };
		271ABE7C179E1595000AFC45 /* Default.png */ = {isa = PBXFileReference; lastKnownFileType = image.png; path = Default.png; sourceTree = "<group>"; };
		271ABE7E179E1595000AFC45 /* Default@2x.png */ = {isa = PBXFileReference; lastKnownFileType = image.png; path = "Default@2x.png"; sourceTree = "<group>"; };
		271ABE80179E1595000AFC45 /* Default-568h@2x.png */ = {isa = PBXFileReference; lastKnownFileType = image.png; path = "Default-568h@2x.png"; sourceTree = "<group>"; };
		271ABE87179E1595000AFC45 /* TestTests.octest */ = {isa = PBXFileReference; explicitFileType = wrapper.cfbundle; includeInIndex = 0; path = TestTests.octest; sourceTree = BUILT_PRODUCTS_DIR; };
		271ABE88179E1595000AFC45 /* SenTestingKit.framework */ = {isa = PBXFileReference; lastKnownFileType = wrapper.framework; name = SenTestingKit.framework; path = Library/Frameworks/SenTestingKit.framework; sourceTree = DEVELOPER_DIR; };
		271ABE90179E1595000AFC45 /* TestTests-Info.plist */ = {isa = PBXFileReference; lastKnownFileType = text.plist.xml; path = "TestTests-Info.plist"; sourceTree = "<group>"; };
		271ABE92179E1595000AFC45 /* en */ = {isa = PBXFileReference; lastKnownFileType = text.plist.strings; name = en; path = en.lproj/InfoPlist.strings; sourceTree = "<group>"; };
		271ABE94179E1596000AFC45 /* TestTests.h */ = {isa = PBXFileReference; lastKnownFileType = sourcecode.c.h; path = TestTests.h; sourceTree = "<group>"; };
		271ABE95179E1596000AFC45 /* TestTests.m */ = {isa = PBXFileReference; lastKnownFileType = sourcecode.c.objc; path = TestTests.m; sourceTree = "<group>"; };
/* End PBXFileReference section */

/* Begin PBXFrameworksBuildPhase section */
		271ABE64179E1595000AFC45 /* Frameworks */ = {
			isa = PBXFrameworksBuildPhase;
			buildActionMask = 2147483647;
			files = (
				271ABE6B179E1595000AFC45 /* UIKit.framework in Frameworks */,
				271ABE6D179E1595000AFC45 /* Foundation.framework in Frameworks */,
				271ABE6F179E1595000AFC45 /* CoreGraphics.framework in Frameworks */,
			);
			runOnlyForDeploymentPostprocessing = 0;
		};
		271ABE83179E1595000AFC45 /* Frameworks */ = {
			isa = PBXFrameworksBuildPhase;
			buildActionMask = 2147483647;
			files = (
				271ABE89179E1595000AFC45 /* SenTestingKit.framework in Frameworks */,
				271ABE8A179E1595000AFC45 /* UIKit.framework in Frameworks */,
				271ABE8B179E1595000AFC45 /* Foundation.framework in Frameworks */,
			);
			runOnlyForDeploymentPostprocessing = 0;
		};
/* End PBXFrameworksBuildPhase section */

/* Begin PBXGroup section */
		271ABE5E179E1595000AFC45 = {
			isa = PBXGroup;
			children = (
				271ABE70179E1595000AFC45 /* Test */,
				271ABE8E179E1595000AFC45 /* TestTests */,
				271ABE69179E1595000AFC45 /* Frameworks */,
				271ABE68179E1595000AFC45 /* Products */,
			);
			sourceTree = "<group>";
		};
		271ABE68179E1595000AFC45 /* Products */ = {
			isa = PBXGroup;
			children = (
				271ABE67179E1595000AFC45 /* Test.app */,
				271ABE87179E1595000AFC45 /* TestTests.octest */,
			);
			name = Products;
			sourceTree = "<group>";
		};
		271ABE69179E1595000AFC45 /* Frameworks */ = {
			isa = PBXGroup;
			children = (
				271ABE6A179E1595000AFC45 /* UIKit.framework */,
				271ABE6C179E1595000AFC45 /* Foundation.framework */,
				271ABE6E179E1595000AFC45 /* CoreGraphics.framework */,
				271ABE88179E1595000AFC45 /* SenTestingKit.framework */,
			);
			name = Frameworks;
			sourceTree = "<group>";
		};
		271ABE70179E1595000AFC45 /* Test */ = {
			isa = PBXGroup;
			children = (
				271ABE79179E1595000AFC45 /* AppDelegate.h */,
				271ABE7A179E1595000AFC45 /* AppDelegate.m */,
				271ABE71179E1595000AFC45 /* Supporting Files */,
			);
			path = Test;
			sourceTree = "<group>";
		};
		271ABE71179E1595000AFC45 /* Supporting Files */ = {
			isa = PBXGroup;
			children = (
				271ABE72179E1595000AFC45 /* Test-Info.plist */,
				271ABE73179E1595000AFC45 /* InfoPlist.strings */,
				271ABE76179E1595000AFC45 /* main.m */,
				271ABE78179E1595000AFC45 /* Test-Prefix.pch */,
				271ABE7C179E1595000AFC45 /* Default.png */,
				271ABE7E179E1595000AFC45 /* Default@2x.png */,
				271ABE80179E1595000AFC45 /* Default-568h@2x.png */,
			);
			name = "Supporting Files";
			sourceTree = "<group>";
		};
		271ABE8E179E1595000AFC45 /* TestTests */ = {
			isa = PBXGroup;
			children = (
				271ABE94179E1596000AFC45 /* TestTests.h */,
				271ABE95179E1596000AFC45 /* TestTests.m */,
				271ABE8F179E1595000AFC45 /* Supporting Files */,
			);
			path = TestTests;
			sourceTree = "<group>";
		};
		271ABE8F179E1595000AFC45 /* Supporting Files */ = {
			isa = PBXGroup;
			children = (
				271ABE90179E1595000AFC45 /* TestTests-Info.plist */,
				271ABE91179E1595000AFC45 /* InfoPlist.strings */,
			);
			name = "Supporting Files";
			sourceTree = "<group>";
		};
/* End PBXGroup section */

/* Begin PBXNativeTarget section */
		271ABE66179E1595000AFC45 /* Test */ = {
			isa = PBXNativeTarget;
			buildConfigurationList = 271ABE99179E1596000AFC45 /* Build configuration list for PBXNativeTarget "Test" */;
			buildPhases = (
				271ABE63179E1595000AFC45 /* Sources */,
				271ABE64179E1595000AFC45 /* Frameworks */,
				271ABE65179E1595000AFC45 /* Resources */,
			);
			buildRules = (
			);
			dependencies = (
			);
			name = Test;
			productName = Test;
			productReference = 271ABE67179E1595000AFC45 /* Test.app */;
			productType = "com.apple.product-type.application";
		};
		271ABE86179E1595000AFC45 /* TestTests */ = {
			isa = PBXNativeTarget;
			buildConfigurationList = 271ABE9C179E1596000AFC45 /* Build configuration list for PBXNativeTarget "TestTests" */;
			buildPhases = (
				271ABE82179E1595000AFC45 /* Sources */,
				271ABE83179E1595000AFC45 /* Frameworks */,
				271ABE84179E1595000AFC45 /* Resources */,
				271ABE85179E1595000AFC45 /* ShellScript */,
			);
			buildRules = (
			);
			dependencies = (
				271ABE8D179E1595000AFC45 /* PBXTargetDependency */,
			);
			name = TestTests;
			productName = TestTests;
			productReference = 271ABE87179E1595000AFC45 /* TestTests.octest */;
			productType = "com.apple.product-type.bundle";
		};
/* End PBXNativeTarget section */

/* Begin PBXProject section */
		271ABE5F179E1595000AFC45 /* Project object */ = {
			isa = PBXProject;
			attributes = {
				LastUpgradeCheck = 0460;
				ORGANIZATIONNAME = "余真";
			};
			buildConfigurationList = 271ABE62179E1595000AFC45 /* Build configuration list for PBXProject "Test" */;
			compatibilityVersion = "Xcode 3.2";
			developmentRegion = English;
			hasScannedForEncodings = 0;
			knownRegions = (
				en,
			);
			mainGroup = 271ABE5E179E1595000AFC45;
			productRefGroup = 271ABE68179E1595000AFC45 /* Products */;
			projectDirPath = "";
			projectRoot = "";
			targets = (
				271ABE66179E1595000AFC45 /* Test */,
				271ABE86179E1595000AFC45 /* TestTests */,
			);
		};
/* End PBXProject section */

/* Begin PBXResourcesBuildPhase section */
		271ABE65179E1595000AFC45 /* Resources */ = {
			isa = PBXResourcesBuildPhase;
			buildActionMask = 2147483647;
			files = (
				271ABE75179E1595000AFC45 /* InfoPlist.strings in Resources */,
				271ABE7D179E1595000AFC45 /* Default.png in Resources */,
				271ABE7F179E1595000AFC45 /* Default@2x.png in Resources */,
				271ABE81179E1595000AFC45 /* Default-568h@2x.png in Resources */,
			);
			runOnlyForDeploymentPostprocessing = 0;
		};
		271ABE84179E1595000AFC45 /* Resources */ = {
			isa = PBXResourcesBuildPhase;
			buildActionMask = 2147483647;
			files = (
				271ABE93179E1595000AFC45 /* InfoPlist.strings in Resources */,
			);
			runOnlyForDeploymentPostprocessing = 0;
		};
/* End PBXResourcesBuildPhase section */

/* Begin PBXShellScriptBuildPhase section */
		271ABE85179E1595000AFC45 /* ShellScript */ = {
			isa = PBXShellScriptBuildPhase;
			buildActionMask = 2147483647;
			files = (
			);
			inputPaths = (
			);
			outputPaths = (
			);
			runOnlyForDeploymentPostprocessing = 0;
			shellPath = /bin/sh;
			shellScript = "# Run the unit tests in this test bundle.\n\"${SYSTEM_DEVELOPER_DIR}/Tools/RunUnitTests\"\n";
		};
/* End PBXShellScriptBuildPhase section */

/* Begin PBXSourcesBuildPhase section */
		271ABE63179E1595000AFC45 /* Sources */ = {
			isa = PBXSourcesBuildPhase;
			buildActionMask = 2147483647;
			files = (
				271ABE77179E1595000AFC45 /* main.m in Sources */,
				271ABE7B179E1595000AFC45 /* AppDelegate.m in Sources */,
			);
			runOnlyForDeploymentPostprocessing = 0;
		};
		271ABE82179E1595000AFC45 /* Sources */ = {
			isa = PBXSourcesBuildPhase;
			buildActionMask = 2147483647;
			files = (
				271ABE96179E1596000AFC45 /* TestTests.m in Sources */,
			);
			runOnlyForDeploymentPostprocessing = 0;
		};
/* End PBXSourcesBuildPhase section */

/* Begin PBXTargetDependency section */
		271ABE8D179E1595000AFC45 /* PBXTargetDependency */ = {
			isa = PBXTargetDependency;
			target = 271ABE66179E1595000AFC45 /* Test */;
			targetProxy = 271ABE8C179E1595000AFC45 /* PBXContainerItemProxy */;
		};
/* End PBXTargetDependency section */

/* Begin PBXVariantGroup section */
		271ABE73179E1595000AFC45 /* InfoPlist.strings */ = {
			isa = PBXVariantGroup;
			children = (
				271ABE74179E1595000AFC45 /* en */,
			);
			name = InfoPlist.strings;
			sourceTree = "<group>";
		};
		271ABE91179E1595000AFC45 /* InfoPlist.strings */ = {
			isa = PBXVariantGroup;
			children = (
				271ABE92179E1595000AFC45 /* en */,
			);
			name = InfoPlist.strings;
			sourceTree = "<group>";
		};
/* End PBXVariantGroup section */

/* Begin XCBuildConfiguration section */
		271ABE97179E1596000AFC45 /* Debug */ = {
			isa = XCBuildConfiguration;
			buildSettings = {
				ALWAYS_SEARCH_USER_PATHS = NO;
				CLANG_CXX_LANGUAGE_STANDARD = "gnu++0x";
				CLANG_CXX_LIBRARY = "libc++";
				CLANG_WARN_CONSTANT_CONVERSION = YES;
				CLANG_WARN_EMPTY_BODY = YES;
				CLANG_WARN_ENUM_CONVERSION = YES;
				CLANG_WARN_INT_CONVERSION = YES;
				CLANG_WARN__DUPLICATE_METHOD_MATCH = YES;
				"CODE_SIGN_IDENTITY[sdk=iphoneos*]" = "iPhone Developer";
				COPY_PHASE_STRIP = NO;
				GCC_C_LANGUAGE_STANDARD = gnu99;
				GCC_DYNAMIC_NO_PIC = NO;
				GCC_OPTIMIZATION_LEVEL = 0;
				GCC_PREPROCESSOR_DEFINITIONS = (
					"DEBUG=1",
					"$(inherited)",
				);
				GCC_SYMBOLS_PRIVATE_EXTERN = NO;
				GCC_WARN_ABOUT_RETURN_TYPE = YES;
				GCC_WARN_UNINITIALIZED_AUTOS = YES;
				GCC_WARN_UNUSED_VARIABLE = YES;
				IPHONEOS_DEPLOYMENT_TARGET = 6.1;
				ONLY_ACTIVE_ARCH = YES;
				SDKROOT = iphoneos;
				TARGETED_DEVICE_FAMILY = 2;
			};
			name = Debug;
		};
		271ABE98179E1596000AFC45 /* Release */ = {
			isa = XCBuildConfiguration;
			buildSettings = {
				ALWAYS_SEARCH_USER_PATHS = NO;
				CLANG_CXX_LANGUAGE_STANDARD = "gnu++0x";
				CLANG_CXX_LIBRARY = "libc++";
				CLANG_WARN_CONSTANT_CONVERSION = YES;
				CLANG_WARN_EMPTY_BODY = YES;
				CLANG_WARN_ENUM_CONVERSION = YES;
				CLANG_WARN_INT_CONVERSION = YES;
				CLANG_WARN__DUPLICATE_METHOD_MATCH = YES;
				"CODE_SIGN_IDENTITY[sdk=iphoneos*]" = "iPhone Developer";
				COPY_PHASE_STRIP = YES;
				GCC_C_LANGUAGE_STANDARD = gnu99;
				GCC_WARN_ABOUT_RETURN_TYPE = YES;
				GCC_WARN_UNINITIALIZED_AUTOS = YES;
				GCC_WARN_UNUSED_VARIABLE = YES;
				IPHONEOS_DEPLOYMENT_TARGET = 6.1;
				OTHER_CFLAGS = "-DNS_BLOCK_ASSERTIONS=1";
				SDKROOT = iphoneos;
				TARGETED_DEVICE_FAMILY = 2;
				VALIDATE_PRODUCT = YES;
			};
			name = Release;
		};
		271ABE9A179E1596000AFC45 /* Debug */ = {
			isa = XCBuildConfiguration;
			buildSettings = {
				GCC_PRECOMPILE_PREFIX_HEADER = YES;
				GCC_PREFIX_HEADER = "Test/Test-Prefix.pch";
				INFOPLIST_FILE = "Test/Test-Info.plist";
				PRODUCT_NAME = "$(TARGET_NAME)";
				WRAPPER_EXTENSION = app;
			};
			name = Debug;
		};
		271ABE9B179E1596000AFC45 /* Release */ = {
			isa = XCBuildConfiguration;
			buildSettings = {
				GCC_PRECOMPILE_PREFIX_HEADER = YES;
				GCC_PREFIX_HEADER = "Test/Test-Prefix.pch";
				INFOPLIST_FILE = "Test/Test-Info.plist";
				PRODUCT_NAME = "$(TARGET_NAME)";
				WRAPPER_EXTENSION = app;
			};
			name = Release;
		};
		271ABE9D179E1596000AFC45 /* Debug */ = {
			isa = XCBuildConfiguration;
			buildSettings = {
				BUNDLE_LOADER = "$(BUILT_PRODUCTS_DIR)/Test.app/Test";
				FRAMEWORK_SEARCH_PATHS = (
					"\"$(SDKROOT)/Developer/Library/Frameworks\"",
					"\"$(DEVELOPER_LIBRARY_DIR)/Frameworks\"",
				);
				GCC_PRECOMPILE_PREFIX_HEADER = YES;
				GCC_PREFIX_HEADER = "Test/Test-Prefix.pch";
				INFOPLIST_FILE = "TestTests/TestTests-Info.plist";
				PRODUCT_NAME = "$(TARGET_NAME)";
				TEST_HOST = "$(BUNDLE_LOADER)";
				WRAPPER_EXTENSION = octest;
			};
			name = Debug;
		};
		271ABE9E179E1596000AFC45 /* Release */ = {
			isa = XCBuildConfiguration;
			buildSettings = {
				BUNDLE_LOADER = "$(BUILT_PRODUCTS_DIR)/Test.app/Test";
				FRAMEWORK_SEARCH_PATHS = (
					"\"$(SDKROOT)/Developer/Library/Frameworks\"",
					"\"$(DEVELOPER_LIBRARY_DIR)/Frameworks\"",
				);
				GCC_PRECOMPILE_PREFIX_HEADER = YES;
				GCC_PREFIX_HEADER = "Test/Test-Prefix.pch";
				INFOPLIST_FILE = "TestTests/TestTests-Info.plist";
				PRODUCT_NAME = "$(TARGET_NAME)";
				TEST_HOST = "$(BUNDLE_LOADER)";
				WRAPPER_EXTENSION = octest;
			};
			name = Release;
		};
/* End XCBuildConfiguration section */

/* Begin XCConfigurationList section */
		271ABE62179E1595000AFC45 /* Build configuration list for PBXProject "Test" */ = {
			isa = XCConfigurationList;
			buildConfigurations = (
				271ABE97179E1596000AFC45 /* Debug */,
				271ABE98179E1596000AFC45 /* Release */,
			);
			defaultConfigurationIsVisible = 0;
			defaultConfigurationName = Release;
		};
		271ABE99179E1596000AFC45 /* Build configuration list for PBXNativeTarget "Test" */ = {
			isa = XCConfigurationList;
			buildConfigurations = (
				271ABE9A179E1596000AFC45 /* Debug */,
				271ABE9B179E1596000AFC45 /* Release */,
			);
			defaultConfigurationIsVisible = 0;
		};
		271ABE9C179E1596000AFC45 /* Build configuration list for PBXNativeTarget "TestTests" */ = {
			isa = XCConfigurationList;
			buildConfigurations = (
				271ABE9D179E1596000AFC45 /* Debug */,
				271ABE9E179E1596000AFC45 /* Release */,
			);
			defaultConfigurationIsVisible = 0;
		};
/* End XCConfigurationList section */
	};
	rootObject = 271ABE5F179E1595000AFC45 /* Project object */;
}
